// !$*UTF8*$!
{
	archiveVersion = 1;
	classes = {
	};
	objectVersion = 50;
	objects = {

/* Begin PBXBuildFile section */
		9A13E283226E3A4A00C1EFB3 /* AppDelegate.swift in Sources */ = {isa = PBXBuildFile; fileRef = 9A13E282226E3A4A00C1EFB3 /* AppDelegate.swift */; };
		9A13E285226E3A4A00C1EFB3 /* ViewController.swift in Sources */ = {isa = PBXBuildFile; fileRef = 9A13E284226E3A4A00C1EFB3 /* ViewController.swift */; };
		9A13E288226E3A4A00C1EFB3 /* Main.storyboard in Resources */ = {isa = PBXBuildFile; fileRef = 9A13E286226E3A4A00C1EFB3 /* Main.storyboard */; };
		9A13E28A226E3A4A00C1EFB3 /* Assets.xcassets in Resources */ = {isa = PBXBuildFile; fileRef = 9A13E289226E3A4A00C1EFB3 /* Assets.xcassets */; };
		9A13E28D226E3A4A00C1EFB3 /* LaunchScreen.storyboard in Resources */ = {isa = PBXBuildFile; fileRef = 9A13E28B226E3A4A00C1EFB3 /* LaunchScreen.storyboard */; };
		9A2B31532273A7000049CF03 /* GoogleService-Info.plist in Resources */ = {isa = PBXBuildFile; fileRef = 9A2B31522273A7000049CF03 /* GoogleService-Info.plist */; };
		9AB8E5D6226E424B00522488 /* SegueFromRight.swift in Sources */ = {isa = PBXBuildFile; fileRef = 9AB8E5D5226E424B00522488 /* SegueFromRight.swift */; };
		9AB8E5D8226E458A00522488 /* NewRunViewController.swift in Sources */ = {isa = PBXBuildFile; fileRef = 9AB8E5D7226E458A00522488 /* NewRunViewController.swift */; };
		9AB8E5DA226E461F00522488 /* SegueFromLeft.swift in Sources */ = {isa = PBXBuildFile; fileRef = 9AB8E5D9226E461F00522488 /* SegueFromLeft.swift */; };
		9AB8E5DC226E4F9E00522488 /* FinishedRunViewController.swift in Sources */ = {isa = PBXBuildFile; fileRef = 9AB8E5DB226E4F9E00522488 /* FinishedRunViewController.swift */; };
		9AB8E5DE226E535200522488 /* SegueFromTop.swift in Sources */ = {isa = PBXBuildFile; fileRef = 9AB8E5DD226E535200522488 /* SegueFromTop.swift */; };
		9AB8E5E0226E553600522488 /* SavedRunsViewController.swift in Sources */ = {isa = PBXBuildFile; fileRef = 9AB8E5DF226E553600522488 /* SavedRunsViewController.swift */; };
		9AB8E5E2226E568700522488 /* PastRunViewController.swift in Sources */ = {isa = PBXBuildFile; fileRef = 9AB8E5E1226E568700522488 /* PastRunViewController.swift */; };
		9AB8E5E4226E6C8500522488 /* Run.swift in Sources */ = {isa = PBXBuildFile; fileRef = 9AB8E5E3226E6C8500522488 /* Run.swift */; };
		9AB8E5E6226E6C9300522488 /* Runs.swift in Sources */ = {isa = PBXBuildFile; fileRef = 9AB8E5E5226E6C9300522488 /* Runs.swift */; };
		9AB8E5E8226E720E00522488 /* CLLocationManager.swift in Sources */ = {isa = PBXBuildFile; fileRef = 9AB8E5E7226E720E00522488 /* CLLocationManager.swift */; };
		9AB8E5EA226E782500522488 /* Location.swift in Sources */ = {isa = PBXBuildFile; fileRef = 9AB8E5E9226E782500522488 /* Location.swift */; };
		9AB8E5EC226E7B7D00522488 /* Locations.swift in Sources */ = {isa = PBXBuildFile; fileRef = 9AB8E5EB226E7B7D00522488 /* Locations.swift */; };
		9ADCAB7B2273621C00B941DC /* FormatDisplay.swift in Sources */ = {isa = PBXBuildFile; fileRef = 9ADCAB7A2273621C00B941DC /* FormatDisplay.swift */; };
		9ADCAB7F227364D200B941DC /* UnitExtensions.swift in Sources */ = {isa = PBXBuildFile; fileRef = 9ADCAB7E227364D200B941DC /* UnitExtensions.swift */; };
		EE1DB9FD15FFE4177814327A /* Pods_Snap_Run.framework in Frameworks */ = {isa = PBXBuildFile; fileRef = C1EFB5E1DEADF7B678AE8E4B /* Pods_Snap_Run.framework */; };
/* End PBXBuildFile section */

/* Begin PBXFileReference section */
		0BFF5A87CDDBCB091DA61278 /* Pods-Snap Run.release.xcconfig */ = {isa = PBXFileReference; includeInIndex = 1; lastKnownFileType = text.xcconfig; name = "Pods-Snap Run.release.xcconfig"; path = "Target Support Files/Pods-Snap Run/Pods-Snap Run.release.xcconfig"; sourceTree = "<group>"; };
		6BFC2D396060356EBD8490A3 /* Pods-Snap Run.debug.xcconfig */ = {isa = PBXFileReference; includeInIndex = 1; lastKnownFileType = text.xcconfig; name = "Pods-Snap Run.debug.xcconfig"; path = "Target Support Files/Pods-Snap Run/Pods-Snap Run.debug.xcconfig"; sourceTree = "<group>"; };
		9A13E27F226E3A4A00C1EFB3 /* Snap Run.app */ = {isa = PBXFileReference; explicitFileType = wrapper.application; includeInIndex = 0; path = "Snap Run.app"; sourceTree = BUILT_PRODUCTS_DIR; };
		9A13E282226E3A4A00C1EFB3 /* AppDelegate.swift */ = {isa = PBXFileReference; lastKnownFileType = sourcecode.swift; path = AppDelegate.swift; sourceTree = "<group>"; };
		9A13E284226E3A4A00C1EFB3 /* ViewController.swift */ = {isa = PBXFileReference; lastKnownFileType = sourcecode.swift; path = ViewController.swift; sourceTree = "<group>"; };
		9A13E287226E3A4A00C1EFB3 /* Base */ = {isa = PBXFileReference; lastKnownFileType = file.storyboard; name = Base; path = Base.lproj/Main.storyboard; sourceTree = "<group>"; };
		9A13E289226E3A4A00C1EFB3 /* Assets.xcassets */ = {isa = PBXFileReference; lastKnownFileType = folder.assetcatalog; path = Assets.xcassets; sourceTree = "<group>"; };
		9A13E28C226E3A4A00C1EFB3 /* Base */ = {isa = PBXFileReference; lastKnownFileType = file.storyboard; name = Base; path = Base.lproj/LaunchScreen.storyboard; sourceTree = "<group>"; };
		9A13E28E226E3A4A00C1EFB3 /* Info.plist */ = {isa = PBXFileReference; lastKnownFileType = text.plist.xml; path = Info.plist; sourceTree = "<group>"; };
		9A2B31522273A7000049CF03 /* GoogleService-Info.plist */ = {isa = PBXFileReference; fileEncoding = 4; lastKnownFileType = text.plist.xml; name = "GoogleService-Info.plist"; path = "../../../Downloads/GoogleService-Info.plist"; sourceTree = "<group>"; };
		9AB8E5D5226E424B00522488 /* SegueFromRight.swift */ = {isa = PBXFileReference; lastKnownFileType = sourcecode.swift; path = SegueFromRight.swift; sourceTree = "<group>"; };
		9AB8E5D7226E458A00522488 /* NewRunViewController.swift */ = {isa = PBXFileReference; lastKnownFileType = sourcecode.swift; path = NewRunViewController.swift; sourceTree = "<group>"; };
		9AB8E5D9226E461F00522488 /* SegueFromLeft.swift */ = {isa = PBXFileReference; lastKnownFileType = sourcecode.swift; path = SegueFromLeft.swift; sourceTree = "<group>"; };
		9AB8E5DB226E4F9E00522488 /* FinishedRunViewController.swift */ = {isa = PBXFileReference; lastKnownFileType = sourcecode.swift; path = FinishedRunViewController.swift; sourceTree = "<group>"; };
		9AB8E5DD226E535200522488 /* SegueFromTop.swift */ = {isa = PBXFileReference; lastKnownFileType = sourcecode.swift; path = SegueFromTop.swift; sourceTree = "<group>"; };
		9AB8E5DF226E553600522488 /* SavedRunsViewController.swift */ = {isa = PBXFileReference; lastKnownFileType = sourcecode.swift; path = SavedRunsViewController.swift; sourceTree = "<group>"; };
		9AB8E5E1226E568700522488 /* PastRunViewController.swift */ = {isa = PBXFileReference; lastKnownFileType = sourcecode.swift; path = PastRunViewController.swift; sourceTree = "<group>"; };
		9AB8E5E3226E6C8500522488 /* Run.swift */ = {isa = PBXFileReference; lastKnownFileType = sourcecode.swift; path = Run.swift; sourceTree = "<group>"; };
		9AB8E5E5226E6C9300522488 /* Runs.swift */ = {isa = PBXFileReference; lastKnownFileType = sourcecode.swift; path = Runs.swift; sourceTree = "<group>"; };
		9AB8E5E7226E720E00522488 /* CLLocationManager.swift */ = {isa = PBXFileReference; lastKnownFileType = sourcecode.swift; path = CLLocationManager.swift; sourceTree = "<group>"; };
		9AB8E5E9226E782500522488 /* Location.swift */ = {isa = PBXFileReference; lastKnownFileType = sourcecode.swift; path = Location.swift; sourceTree = "<group>"; };
		9AB8E5EB226E7B7D00522488 /* Locations.swift */ = {isa = PBXFileReference; lastKnownFileType = sourcecode.swift; path = Locations.swift; sourceTree = "<group>"; };
		9ADCAB7A2273621C00B941DC /* FormatDisplay.swift */ = {isa = PBXFileReference; lastKnownFileType = sourcecode.swift; path = FormatDisplay.swift; sourceTree = "<group>"; };
		9ADCAB7E227364D200B941DC /* UnitExtensions.swift */ = {isa = PBXFileReference; lastKnownFileType = sourcecode.swift; name = UnitExtensions.swift; path = "/Users/annikahall/Desktop/Snap Run/Snap Run/UnitExtensions.swift"; sourceTree = "<absolute>"; };
		C1EFB5E1DEADF7B678AE8E4B /* Pods_Snap_Run.framework */ = {isa = PBXFileReference; explicitFileType = wrapper.framework; includeInIndex = 0; path = Pods_Snap_Run.framework; sourceTree = BUILT_PRODUCTS_DIR; };
/* End PBXFileReference section */

/* Begin PBXFrameworksBuildPhase section */
		9A13E27C226E3A4A00C1EFB3 /* Frameworks */ = {
			isa = PBXFrameworksBuildPhase;
			buildActionMask = 2147483647;
			files = (
				EE1DB9FD15FFE4177814327A /* Pods_Snap_Run.framework in Frameworks */,
			);
			runOnlyForDeploymentPostprocessing = 0;
		};
/* End PBXFrameworksBuildPhase section */

/* Begin PBXGroup section */
		80FE897CC117AC00BB8C9915 /* Frameworks */ = {
			isa = PBXGroup;
			children = (
				C1EFB5E1DEADF7B678AE8E4B /* Pods_Snap_Run.framework */,
			);
			name = Frameworks;
			sourceTree = "<group>";
		};
		9A13E276226E3A4900C1EFB3 = {
			isa = PBXGroup;
			children = (
				9A13E281226E3A4A00C1EFB3 /* Snap Run */,
				9A13E280226E3A4A00C1EFB3 /* Products */,
				AA837053C545AB259F22D376 /* Pods */,
				80FE897CC117AC00BB8C9915 /* Frameworks */,
			);
			sourceTree = "<group>";
		};
		9A13E280226E3A4A00C1EFB3 /* Products */ = {
			isa = PBXGroup;
			children = (
				9A13E27F226E3A4A00C1EFB3 /* Snap Run.app */,
			);
			name = Products;
			sourceTree = "<group>";
		};
		9A13E281226E3A4A00C1EFB3 /* Snap Run */ = {
			isa = PBXGroup;
			children = (
				9A13E282226E3A4A00C1EFB3 /* AppDelegate.swift */,
				9AB8E5E9226E782500522488 /* Location.swift */,
				9AB8E5EB226E7B7D00522488 /* Locations.swift */,
				9AB8E5E3226E6C8500522488 /* Run.swift */,
				9AB8E5E5226E6C9300522488 /* Runs.swift */,
				9A13E284226E3A4A00C1EFB3 /* ViewController.swift */,
				9AB8E5D7226E458A00522488 /* NewRunViewController.swift */,
				9AB8E5DB226E4F9E00522488 /* FinishedRunViewController.swift */,
				9AB8E5DF226E553600522488 /* SavedRunsViewController.swift */,
				9AB8E5E1226E568700522488 /* PastRunViewController.swift */,
				9A13E286226E3A4A00C1EFB3 /* Main.storyboard */,
				9A13E289226E3A4A00C1EFB3 /* Assets.xcassets */,
				9ADCAB7E227364D200B941DC /* UnitExtensions.swift */,
				9ADCAB7A2273621C00B941DC /* FormatDisplay.swift */,
				9AB8E5E7226E720E00522488 /* CLLocationManager.swift */,
				9AB8E5D5226E424B00522488 /* SegueFromRight.swift */,
				9AB8E5D9226E461F00522488 /* SegueFromLeft.swift */,
				9AB8E5DD226E535200522488 /* SegueFromTop.swift */,
				9A13E28B226E3A4A00C1EFB3 /* LaunchScreen.storyboard */,
				9A13E28E226E3A4A00C1EFB3 /* Info.plist */,
				9A2B31522273A7000049CF03 /* GoogleService-Info.plist */,
			);
			path = "Snap Run";
			sourceTree = "<group>";
		};
		AA837053C545AB259F22D376 /* Pods */ = {
			isa = PBXGroup;
			children = (
				6BFC2D396060356EBD8490A3 /* Pods-Snap Run.debug.xcconfig */,
				0BFF5A87CDDBCB091DA61278 /* Pods-Snap Run.release.xcconfig */,
			);
			path = Pods;
			sourceTree = "<group>";
		};
/* End PBXGroup section */

/* Begin PBXNativeTarget section */
		9A13E27E226E3A4A00C1EFB3 /* Snap Run */ = {
			isa = PBXNativeTarget;
			buildConfigurationList = 9A13E291226E3A4A00C1EFB3 /* Build configuration list for PBXNativeTarget "Snap Run" */;
			buildPhases = (
				7811CD5AD17A7441772683D3 /* [CP] Check Pods Manifest.lock */,
				9A13E27B226E3A4A00C1EFB3 /* Sources */,
				9A13E27C226E3A4A00C1EFB3 /* Frameworks */,
				9A13E27D226E3A4A00C1EFB3 /* Resources */,
				D69963FA46E9B9C85A0EE027 /* [CP] Embed Pods Frameworks */,
				DFC8E40896D45486039BF189 /* [CP] Copy Pods Resources */,
			);
			buildRules = (
			);
			dependencies = (
			);
			name = "Snap Run";
			productName = "Snap Run";
			productReference = 9A13E27F226E3A4A00C1EFB3 /* Snap Run.app */;
			productType = "com.apple.product-type.application";
		};
/* End PBXNativeTarget section */

/* Begin PBXProject section */
		9A13E277226E3A4900C1EFB3 /* Project object */ = {
			isa = PBXProject;
			attributes = {
				LastSwiftUpdateCheck = 1010;
				LastUpgradeCheck = 1010;
				ORGANIZATIONNAME = "Annika Hall";
				TargetAttributes = {
					9A13E27E226E3A4A00C1EFB3 = {
						CreatedOnToolsVersion = 10.1;
						SystemCapabilities = {
							com.apple.BackgroundModes = {
								enabled = 1;
							};
						};
					};
				};
			};
			buildConfigurationList = 9A13E27A226E3A4900C1EFB3 /* Build configuration list for PBXProject "Snap Run" */;
			compatibilityVersion = "Xcode 9.3";
			developmentRegion = en;
			hasScannedForEncodings = 0;
			knownRegions = (
				en,
				Base,
			);
			mainGroup = 9A13E276226E3A4900C1EFB3;
			productRefGroup = 9A13E280226E3A4A00C1EFB3 /* Products */;
			projectDirPath = "";
			projectRoot = "";
			targets = (
				9A13E27E226E3A4A00C1EFB3 /* Snap Run */,
			);
		};
/* End PBXProject section */

/* Begin PBXResourcesBuildPhase section */
		9A13E27D226E3A4A00C1EFB3 /* Resources */ = {
			isa = PBXResourcesBuildPhase;
			buildActionMask = 2147483647;
			files = (
				9A13E28D226E3A4A00C1EFB3 /* LaunchScreen.storyboard in Resources */,
				9A2B31532273A7000049CF03 /* GoogleService-Info.plist in Resources */,
				9A13E28A226E3A4A00C1EFB3 /* Assets.xcassets in Resources */,
				9A13E288226E3A4A00C1EFB3 /* Main.storyboard in Resources */,
			);
			runOnlyForDeploymentPostprocessing = 0;
		};
/* End PBXResourcesBuildPhase section */

/* Begin PBXShellScriptBuildPhase section */
		7811CD5AD17A7441772683D3 /* [CP] Check Pods Manifest.lock */ = {
			isa = PBXShellScriptBuildPhase;
			buildActionMask = 2147483647;
			files = (
			);
			inputFileListPaths = (
			);
			inputPaths = (
				"${PODS_PODFILE_DIR_PATH}/Podfile.lock",
				"${PODS_ROOT}/Manifest.lock",
			);
			name = "[CP] Check Pods Manifest.lock";
			outputFileListPaths = (
			);
			outputPaths = (
				"$(DERIVED_FILE_DIR)/Pods-Snap Run-checkManifestLockResult.txt",
			);
			runOnlyForDeploymentPostprocessing = 0;
			shellPath = /bin/sh;
			shellScript = "diff \"${PODS_PODFILE_DIR_PATH}/Podfile.lock\" \"${PODS_ROOT}/Manifest.lock\" > /dev/null\nif [ $? != 0 ] ; then\n    # print error to STDERR\n    echo \"error: The sandbox is not in sync with the Podfile.lock. Run 'pod install' or update your CocoaPods installation.\" >&2\n    exit 1\nfi\n# This output is used by Xcode 'outputs' to avoid re-running this script phase.\necho \"SUCCESS\" > \"${SCRIPT_OUTPUT_FILE_0}\"\n";
			showEnvVarsInLog = 0;
		};
		D69963FA46E9B9C85A0EE027 /* [CP] Embed Pods Frameworks */ = {
			isa = PBXShellScriptBuildPhase;
			buildActionMask = 2147483647;
			files = (
			);
			inputFileListPaths = (
			);
			inputPaths = (
				"${PODS_ROOT}/Target Support Files/Pods-Snap Run/Pods-Snap Run-frameworks.sh",
				"${BUILT_PRODUCTS_DIR}/BoringSSL-GRPC/openssl_grpc.framework",
				"${BUILT_PRODUCTS_DIR}/GTMSessionFetcher/GTMSessionFetcher.framework",
				"${BUILT_PRODUCTS_DIR}/GoogleToolboxForMac/GoogleToolboxForMac.framework",
				"${BUILT_PRODUCTS_DIR}/GoogleUtilities/GoogleUtilities.framework",
				"${BUILT_PRODUCTS_DIR}/PINCache/PINCache.framework",
				"${BUILT_PRODUCTS_DIR}/PINOperation/PINOperation.framework",
				"${BUILT_PRODUCTS_DIR}/Protobuf/Protobuf.framework",
				"${BUILT_PRODUCTS_DIR}/SDWebImage/SDWebImage.framework",
				"${PODS_ROOT}/SnapSDK/SCSDKBitmojiKit.framework",
				"${PODS_ROOT}/SnapSDK/SCSDKCoreKit.framework",
				"${PODS_ROOT}/SnapSDK/SCSDKCreativeKit.framework",
				"${PODS_ROOT}/SnapSDK/SCSDKLoginKit.framework",
				"${BUILT_PRODUCTS_DIR}/gRPC-C++/grpcpp.framework",
				"${BUILT_PRODUCTS_DIR}/gRPC-Core/grpc.framework",
				"${BUILT_PRODUCTS_DIR}/leveldb-library/leveldb.framework",
				"${BUILT_PRODUCTS_DIR}/nanopb/nanopb.framework",
			);
			name = "[CP] Embed Pods Frameworks";
			outputFileListPaths = (
			);
			outputPaths = (
				"${TARGET_BUILD_DIR}/${FRAMEWORKS_FOLDER_PATH}/openssl_grpc.framework",
				"${TARGET_BUILD_DIR}/${FRAMEWORKS_FOLDER_PATH}/GTMSessionFetcher.framework",
				"${TARGET_BUILD_DIR}/${FRAMEWORKS_FOLDER_PATH}/GoogleToolboxForMac.framework",
				"${TARGET_BUILD_DIR}/${FRAMEWORKS_FOLDER_PATH}/GoogleUtilities.framework",
				"${TARGET_BUILD_DIR}/${FRAMEWORKS_FOLDER_PATH}/PINCache.framework",
				"${TARGET_BUILD_DIR}/${FRAMEWORKS_FOLDER_PATH}/PINOperation.framework",
				"${TARGET_BUILD_DIR}/${FRAMEWORKS_FOLDER_PATH}/Protobuf.framework",
				"${TARGET_BUILD_DIR}/${FRAMEWORKS_FOLDER_PATH}/SDWebImage.framework",
				"${TARGET_BUILD_DIR}/${FRAMEWORKS_FOLDER_PATH}/SCSDKBitmojiKit.framework",
				"${TARGET_BUILD_DIR}/${FRAMEWORKS_FOLDER_PATH}/SCSDKCoreKit.framework",
				"${TARGET_BUILD_DIR}/${FRAMEWORKS_FOLDER_PATH}/SCSDKCreativeKit.framework",
				"${TARGET_BUILD_DIR}/${FRAMEWORKS_FOLDER_PATH}/SCSDKLoginKit.framework",
				"${TARGET_BUILD_DIR}/${FRAMEWORKS_FOLDER_PATH}/grpcpp.framework",
				"${TARGET_BUILD_DIR}/${FRAMEWORKS_FOLDER_PATH}/grpc.framework",
				"${TARGET_BUILD_DIR}/${FRAMEWORKS_FOLDER_PATH}/leveldb.framework",
				"${TARGET_BUILD_DIR}/${FRAMEWORKS_FOLDER_PATH}/nanopb.framework",
			);
			runOnlyForDeploymentPostprocessing = 0;
			shellPath = /bin/sh;
			shellScript = "\"${PODS_ROOT}/Target Support Files/Pods-Snap Run/Pods-Snap Run-frameworks.sh\"\n";
			showEnvVarsInLog = 0;
		};
		DFC8E40896D45486039BF189 /* [CP] Copy Pods Resources */ = {
			isa = PBXShellScriptBuildPhase;
			buildActionMask = 2147483647;
			files = (
			);
			inputFileListPaths = (
			);
			inputPaths = (
				"${PODS_ROOT}/Target Support Files/Pods-Snap Run/Pods-Snap Run-resources.sh",
				"${PODS_CONFIGURATION_BUILD_DIR}/FirebaseUI/FirebaseAuthUI.bundle",
				"${PODS_CONFIGURATION_BUILD_DIR}/FirebaseUI/FirebaseGoogleAuthUI.bundle",
				"${PODS_ROOT}/GoogleMaps/Maps/Frameworks/GoogleMaps.framework/Resources/GoogleMaps.bundle",
				"${PODS_ROOT}/GooglePlacePicker/Frameworks/GooglePlacePicker.framework/Resources/GooglePlacePicker.bundle",
				"${PODS_ROOT}/GooglePlaces/Frameworks/GooglePlaces.framework/Resources/GooglePlaces.bundle",
				"${PODS_ROOT}/GoogleSignIn/Resources/GoogleSignIn.bundle",
			);
			name = "[CP] Copy Pods Resources";
			outputFileListPaths = (
			);
			outputPaths = (
				"${TARGET_BUILD_DIR}/${UNLOCALIZED_RESOURCES_FOLDER_PATH}/FirebaseAuthUI.bundle",
				"${TARGET_BUILD_DIR}/${UNLOCALIZED_RESOURCES_FOLDER_PATH}/FirebaseGoogleAuthUI.bundle",
				"${TARGET_BUILD_DIR}/${UNLOCALIZED_RESOURCES_FOLDER_PATH}/GoogleMaps.bundle",
				"${TARGET_BUILD_DIR}/${UNLOCALIZED_RESOURCES_FOLDER_PATH}/GooglePlacePicker.bundle",
				"${TARGET_BUILD_DIR}/${UNLOCALIZED_RESOURCES_FOLDER_PATH}/GooglePlaces.bundle",
				"${TARGET_BUILD_DIR}/${UNLOCALIZED_RESOURCES_FOLDER_PATH}/GoogleSignIn.bundle",
			);
			runOnlyForDeploymentPostprocessing = 0;
			shellPath = /bin/sh;
			shellScript = "\"${PODS_ROOT}/Target Support Files/Pods-Snap Run/Pods-Snap Run-resources.sh\"\n";
			showEnvVarsInLog = 0;
		};
/* End PBXShellScriptBuildPhase section */

/* Begin PBXSourcesBuildPhase section */
		9A13E27B226E3A4A00C1EFB3 /* Sources */ = {
			isa = PBXSourcesBuildPhase;
			buildActionMask = 2147483647;
			files = (
				9AB8E5DC226E4F9E00522488 /* FinishedRunViewController.swift in Sources */,
				9A13E285226E3A4A00C1EFB3 /* ViewController.swift in Sources */,
				9AB8E5E0226E553600522488 /* SavedRunsViewController.swift in Sources */,
				9ADCAB7B2273621C00B941DC /* FormatDisplay.swift in Sources */,
				9AB8E5E6226E6C9300522488 /* Runs.swift in Sources */,
				9AB8E5E4226E6C8500522488 /* Run.swift in Sources */,
				9AB8E5E8226E720E00522488 /* CLLocationManager.swift in Sources */,
				9AB8E5EA226E782500522488 /* Location.swift in Sources */,
				9A13E283226E3A4A00C1EFB3 /* AppDelegate.swift in Sources */,
				9AB8E5DE226E535200522488 /* SegueFromTop.swift in Sources */,
				9AB8E5E2226E568700522488 /* PastRunViewController.swift in Sources */,
				9AB8E5EC226E7B7D00522488 /* Locations.swift in Sources */,
				9AB8E5D6226E424B00522488 /* SegueFromRight.swift in Sources */,
				9AB8E5DA226E461F00522488 /* SegueFromLeft.swift in Sources */,
				9AB8E5D8226E458A00522488 /* NewRunViewController.swift in Sources */,
				9ADCAB7F227364D200B941DC /* UnitExtensions.swift in Sources */,
			);
			runOnlyForDeploymentPostprocessing = 0;
		};
/* End PBXSourcesBuildPhase section */

/* Begin PBXVariantGroup section */
		9A13E286226E3A4A00C1EFB3 /* Main.storyboard */ = {
			isa = PBXVariantGroup;
			children = (
				9A13E287226E3A4A00C1EFB3 /* Base */,
			);
			name = Main.storyboard;
			sourceTree = "<group>";
		};
		9A13E28B226E3A4A00C1EFB3 /* LaunchScreen.storyboard */ = {
			isa = PBXVariantGroup;
			children = (
				9A13E28C226E3A4A00C1EFB3 /* Base */,
			);
			name = LaunchScreen.storyboard;
			sourceTree = "<group>";
		};
/* End PBXVariantGroup section */

/* Begin XCBuildConfiguration section */
		9A13E28F226E3A4A00C1EFB3 /* Debug */ = {
			isa = XCBuildConfiguration;
			buildSettings = {
				ALWAYS_SEARCH_USER_PATHS = NO;
				CLANG_ANALYZER_NONNULL = YES;
				CLANG_ANALYZER_NUMBER_OBJECT_CONVERSION = YES_AGGRESSIVE;
				CLANG_CXX_LANGUAGE_STANDARD = "gnu++14";
				CLANG_CXX_LIBRARY = "libc++";
				CLANG_ENABLE_MODULES = YES;
				CLANG_ENABLE_OBJC_ARC = YES;
				CLANG_ENABLE_OBJC_WEAK = YES;
				CLANG_WARN_BLOCK_CAPTURE_AUTORELEASING = YES;
				CLANG_WARN_BOOL_CONVERSION = YES;
				CLANG_WARN_COMMA = YES;
				CLANG_WARN_CONSTANT_CONVERSION = YES;
				CLANG_WARN_DEPRECATED_OBJC_IMPLEMENTATIONS = YES;
				CLANG_WARN_DIRECT_OBJC_ISA_USAGE = YES_ERROR;
				CLANG_WARN_DOCUMENTATION_COMMENTS = YES;
				CLANG_WARN_EMPTY_BODY = YES;
				CLANG_WARN_ENUM_CONVERSION = YES;
				CLANG_WARN_INFINITE_RECURSION = YES;
				CLANG_WARN_INT_CONVERSION = YES;
				CLANG_WARN_NON_LITERAL_NULL_CONVERSION = YES;
				CLANG_WARN_OBJC_IMPLICIT_RETAIN_SELF = YES;
				CLANG_WARN_OBJC_LITERAL_CONVERSION = YES;
				CLANG_WARN_OBJC_ROOT_CLASS = YES_ERROR;
				CLANG_WARN_RANGE_LOOP_ANALYSIS = YES;
				CLANG_WARN_STRICT_PROTOTYPES = YES;
				CLANG_WARN_SUSPICIOUS_MOVE = YES;
				CLANG_WARN_UNGUARDED_AVAILABILITY = YES_AGGRESSIVE;
				CLANG_WARN_UNREACHABLE_CODE = YES;
				CLANG_WARN__DUPLICATE_METHOD_MATCH = YES;
				CODE_SIGN_IDENTITY = "iPhone Developer";
				COPY_PHASE_STRIP = NO;
				DEBUG_INFORMATION_FORMAT = dwarf;
				ENABLE_STRICT_OBJC_MSGSEND = YES;
				ENABLE_TESTABILITY = YES;
				GCC_C_LANGUAGE_STANDARD = gnu11;
				GCC_DYNAMIC_NO_PIC = NO;
				GCC_NO_COMMON_BLOCKS = YES;
				GCC_OPTIMIZATION_LEVEL = 0;
				GCC_PREPROCESSOR_DEFINITIONS = (
					"DEBUG=1",
					"$(inherited)",
				);
				GCC_WARN_64_TO_32_BIT_CONVERSION = YES;
				GCC_WARN_ABOUT_RETURN_TYPE = YES_ERROR;
				GCC_WARN_UNDECLARED_SELECTOR = YES;
				GCC_WARN_UNINITIALIZED_AUTOS = YES_AGGRESSIVE;
				GCC_WARN_UNUSED_FUNCTION = YES;
				GCC_WARN_UNUSED_VARIABLE = YES;
				IPHONEOS_DEPLOYMENT_TARGET = 12.1;
				MTL_ENABLE_DEBUG_INFO = INCLUDE_SOURCE;
				MTL_FAST_MATH = YES;
				ONLY_ACTIVE_ARCH = YES;
				SDKROOT = iphoneos;
				SWIFT_ACTIVE_COMPILATION_CONDITIONS = DEBUG;
				SWIFT_OPTIMIZATION_LEVEL = "-Onone";
			};
			name = Debug;
		};
		9A13E290226E3A4A00C1EFB3 /* Release */ = {
			isa = XCBuildConfiguration;
			buildSettings = {
				ALWAYS_SEARCH_USER_PATHS = NO;
				CLANG_ANALYZER_NONNULL = YES;
				CLANG_ANALYZER_NUMBER_OBJECT_CONVERSION = YES_AGGRESSIVE;
				CLANG_CXX_LANGUAGE_STANDARD = "gnu++14";
				CLANG_CXX_LIBRARY = "libc++";
				CLANG_ENABLE_MODULES = YES;
				CLANG_ENABLE_OBJC_ARC = YES;
				CLANG_ENABLE_OBJC_WEAK = YES;
				CLANG_WARN_BLOCK_CAPTURE_AUTORELEASING = YES;
				CLANG_WARN_BOOL_CONVERSION = YES;
				CLANG_WARN_COMMA = YES;
				CLANG_WARN_CONSTANT_CONVERSION = YES;
				CLANG_WARN_DEPRECATED_OBJC_IMPLEMENTATIONS = YES;
				CLANG_WARN_DIRECT_OBJC_ISA_USAGE = YES_ERROR;
				CLANG_WARN_DOCUMENTATION_COMMENTS = YES;
				CLANG_WARN_EMPTY_BODY = YES;
				CLANG_WARN_ENUM_CONVERSION = YES;
				CLANG_WARN_INFINITE_RECURSION = YES;
				CLANG_WARN_INT_CONVERSION = YES;
				CLANG_WARN_NON_LITERAL_NULL_CONVERSION = YES;
				CLANG_WARN_OBJC_IMPLICIT_RETAIN_SELF = YES;
				CLANG_WARN_OBJC_LITERAL_CONVERSION = YES;
				CLANG_WARN_OBJC_ROOT_CLASS = YES_ERROR;
				CLANG_WARN_RANGE_LOOP_ANALYSIS = YES;
				CLANG_WARN_STRICT_PROTOTYPES = YES;
				CLANG_WARN_SUSPICIOUS_MOVE = YES;
				CLANG_WARN_UNGUARDED_AVAILABILITY = YES_AGGRESSIVE;
				CLANG_WARN_UNREACHABLE_CODE = YES;
				CLANG_WARN__DUPLICATE_METHOD_MATCH = YES;
				CODE_SIGN_IDENTITY = "iPhone Developer";
				COPY_PHASE_STRIP = NO;
				DEBUG_INFORMATION_FORMAT = "dwarf-with-dsym";
				ENABLE_NS_ASSERTIONS = NO;
				ENABLE_STRICT_OBJC_MSGSEND = YES;
				GCC_C_LANGUAGE_STANDARD = gnu11;
				GCC_NO_COMMON_BLOCKS = YES;
				GCC_WARN_64_TO_32_BIT_CONVERSION = YES;
				GCC_WARN_ABOUT_RETURN_TYPE = YES_ERROR;
				GCC_WARN_UNDECLARED_SELECTOR = YES;
				GCC_WARN_UNINITIALIZED_AUTOS = YES_AGGRESSIVE;
				GCC_WARN_UNUSED_FUNCTION = YES;
				GCC_WARN_UNUSED_VARIABLE = YES;
				IPHONEOS_DEPLOYMENT_TARGET = 12.1;
				MTL_ENABLE_DEBUG_INFO = NO;
				MTL_FAST_MATH = YES;
				SDKROOT = iphoneos;
				SWIFT_COMPILATION_MODE = wholemodule;
				SWIFT_OPTIMIZATION_LEVEL = "-O";
				VALIDATE_PRODUCT = YES;
			};
			name = Release;
		};
		9A13E292226E3A4A00C1EFB3 /* Debug */ = {
			isa = XCBuildConfiguration;
			baseConfigurationReference = 6BFC2D396060356EBD8490A3 /* Pods-Snap Run.debug.xcconfig */;
			buildSettings = {
				ASSETCATALOG_COMPILER_APPICON_NAME = AppIcon;
				CODE_SIGN_STYLE = Automatic;
				DEVELOPMENT_TEAM = SCZDZZCZ9Y;
				INFOPLIST_FILE = "Snap Run/Info.plist";
				LD_RUNPATH_SEARCH_PATHS = (
					"$(inherited)",
					"@executable_path/Frameworks",
				);
				PRODUCT_BUNDLE_IDENTIFIER = "com.hall.Snap-Run";
				PRODUCT_NAME = "$(TARGET_NAME)";
				SWIFT_VERSION = 4.2;
				TARGETED_DEVICE_FAMILY = "1,2";
			};
			name = Debug;
		};
		9A13E293226E3A4A00C1EFB3 /* Release */ = {
			isa = XCBuildConfiguration;
			baseConfigurationReference = 0BFF5A87CDDBCB091DA61278 /* Pods-Snap Run.release.xcconfig */;
			buildSettings = {
				ASSETCATALOG_COMPILER_APPICON_NAME = AppIcon;
				CODE_SIGN_STYLE = Automatic;
				DEVELOPMENT_TEAM = SCZDZZCZ9Y;
				INFOPLIST_FILE = "Snap Run/Info.plist";
				LD_RUNPATH_SEARCH_PATHS = (
					"$(inherited)",
					"@executable_path/Frameworks",
				);
				PRODUCT_BUNDLE_IDENTIFIER = "com.hall.Snap-Run";
				PRODUCT_NAME = "$(TARGET_NAME)";
				SWIFT_VERSION = 4.2;
				TARGETED_DEVICE_FAMILY = "1,2";
			};
			name = Release;
		};
/* End XCBuildConfiguration section */

/* Begin XCConfigurationList section */
		9A13E27A226E3A4900C1EFB3 /* Build configuration list for PBXProject "Snap Run" */ = {
			isa = XCConfigurationList;
			buildConfigurations = (
				9A13E28F226E3A4A00C1EFB3 /* Debug */,
				9A13E290226E3A4A00C1EFB3 /* Release */,
			);
			defaultConfigurationIsVisible = 0;
			defaultConfigurationName = Release;
		};
		9A13E291226E3A4A00C1EFB3 /* Build configuration list for PBXNativeTarget "Snap Run" */ = {
			isa = XCConfigurationList;
			buildConfigurations = (
				9A13E292226E3A4A00C1EFB3 /* Debug */,
				9A13E293226E3A4A00C1EFB3 /* Release */,
			);
			defaultConfigurationIsVisible = 0;
			defaultConfigurationName = Release;
		};
/* End XCConfigurationList section */
	};
	rootObject = 9A13E277226E3A4900C1EFB3 /* Project object */;
}
